// !$*UTF8*$!
{
	archiveVersion = 1;
	classes = {
	};
	objectVersion = 46;
	objects = {

/* Begin PBXBuildFile section */
		C405ECB81735E38B0086368F /* UIKit.framework in Frameworks */ = {isa = PBXBuildFile; fileRef = C405ECB71735E38B0086368F /* UIKit.framework */; };
		C405ECBA1735E38B0086368F /* Foundation.framework in Frameworks */ = {isa = PBXBuildFile; fileRef = C405ECB91735E38B0086368F /* Foundation.framework */; };
		C405ECBC1735E38B0086368F /* CoreGraphics.framework in Frameworks */ = {isa = PBXBuildFile; fileRef = C405ECBB1735E38B0086368F /* CoreGraphics.framework */; };
		C405ECC21735E38B0086368F /* InfoPlist.strings in Resources */ = {isa = PBXBuildFile; fileRef = C405ECC01735E38B0086368F /* InfoPlist.strings */; };
		C405ECC41735E38B0086368F /* main.m in Sources */ = {isa = PBXBuildFile; fileRef = C405ECC31735E38B0086368F /* main.m */; };
		C405ECC81735E38B0086368F /* AppDelegate.m in Sources */ = {isa = PBXBuildFile; fileRef = C405ECC71735E38B0086368F /* AppDelegate.m */; };
		C405ECCA1735E38B0086368F /* Default.png in Resources */ = {isa = PBXBuildFile; fileRef = C405ECC91735E38B0086368F /* Default.png */; };
		C405ECCC1735E38B0086368F /* Default@2x.png in Resources */ = {isa = PBXBuildFile; fileRef = C405ECCB1735E38B0086368F /* Default@2x.png */; };
		C405ECCE1735E38B0086368F /* Default-568h@2x.png in Resources */ = {isa = PBXBuildFile; fileRef = C405ECCD1735E38B0086368F /* Default-568h@2x.png */; };
		C405ED161735E3FD0086368F /* MagicalImportFunctions.m in Sources */ = {isa = PBXBuildFile; fileRef = C405ECDE1735E3FD0086368F /* MagicalImportFunctions.m */; };
		C405ED171735E3FD0086368F /* NSAttributeDescription+MagicalDataImport.m in Sources */ = {isa = PBXBuildFile; fileRef = C405ECE01735E3FD0086368F /* NSAttributeDescription+MagicalDataImport.m */; };
		C405ED181735E3FD0086368F /* NSEntityDescription+MagicalDataImport.m in Sources */ = {isa = PBXBuildFile; fileRef = C405ECE21735E3FD0086368F /* NSEntityDescription+MagicalDataImport.m */; };
		C405ED191735E3FD0086368F /* NSNumber+MagicalDataImport.m in Sources */ = {isa = PBXBuildFile; fileRef = C405ECE41735E3FD0086368F /* NSNumber+MagicalDataImport.m */; };
		C405ED1A1735E3FD0086368F /* NSObject+MagicalDataImport.m in Sources */ = {isa = PBXBuildFile; fileRef = C405ECE61735E3FD0086368F /* NSObject+MagicalDataImport.m */; };
		C405ED1B1735E3FD0086368F /* NSRelationshipDescription+MagicalDataImport.m in Sources */ = {isa = PBXBuildFile; fileRef = C405ECE81735E3FD0086368F /* NSRelationshipDescription+MagicalDataImport.m */; };
		C405ED1C1735E3FD0086368F /* NSString+MagicalDataImport.m in Sources */ = {isa = PBXBuildFile; fileRef = C405ECEA1735E3FD0086368F /* NSString+MagicalDataImport.m */; };
		C405ED1D1735E3FD0086368F /* NSManagedObject+MagicalAggregation.m in Sources */ = {isa = PBXBuildFile; fileRef = C405ECED1735E3FD0086368F /* NSManagedObject+MagicalAggregation.m */; };
		C405ED1E1735E3FD0086368F /* NSManagedObject+MagicalDataImport.m in Sources */ = {isa = PBXBuildFile; fileRef = C405ECEF1735E3FD0086368F /* NSManagedObject+MagicalDataImport.m */; };
		C405ED1F1735E3FD0086368F /* NSManagedObject+MagicalFinders.m in Sources */ = {isa = PBXBuildFile; fileRef = C405ECF11735E3FD0086368F /* NSManagedObject+MagicalFinders.m */; };
		C405ED201735E3FD0086368F /* NSManagedObject+MagicalRecord.m in Sources */ = {isa = PBXBuildFile; fileRef = C405ECF31735E3FD0086368F /* NSManagedObject+MagicalRecord.m */; };
		C405ED211735E3FD0086368F /* NSManagedObject+MagicalRequests.m in Sources */ = {isa = PBXBuildFile; fileRef = C405ECF51735E3FD0086368F /* NSManagedObject+MagicalRequests.m */; };
		C405ED221735E3FD0086368F /* NSManagedObjectContext+MagicalObserving.m in Sources */ = {isa = PBXBuildFile; fileRef = C405ECF81735E3FD0086368F /* NSManagedObjectContext+MagicalObserving.m */; };
		C405ED231735E3FD0086368F /* NSManagedObjectContext+MagicalRecord.m in Sources */ = {isa = PBXBuildFile; fileRef = C405ECFA1735E3FD0086368F /* NSManagedObjectContext+MagicalRecord.m */; };
		C405ED241735E3FD0086368F /* NSManagedObjectContext+MagicalSaves.m in Sources */ = {isa = PBXBuildFile; fileRef = C405ECFC1735E3FD0086368F /* NSManagedObjectContext+MagicalSaves.m */; };
		C405ED251735E3FD0086368F /* NSManagedObjectContext+MagicalThreading.m in Sources */ = {isa = PBXBuildFile; fileRef = C405ECFE1735E3FD0086368F /* NSManagedObjectContext+MagicalThreading.m */; };
		C405ED261735E3FD0086368F /* NSManagedObjectModel+MagicalRecord.m in Sources */ = {isa = PBXBuildFile; fileRef = C405ED001735E3FD0086368F /* NSManagedObjectModel+MagicalRecord.m */; };
		C405ED271735E3FD0086368F /* NSPersistentStore+MagicalRecord.m in Sources */ = {isa = PBXBuildFile; fileRef = C405ED021735E3FD0086368F /* NSPersistentStore+MagicalRecord.m */; };
		C405ED281735E3FD0086368F /* NSPersistentStoreCoordinator+MagicalRecord.m in Sources */ = {isa = PBXBuildFile; fileRef = C405ED041735E3FD0086368F /* NSPersistentStoreCoordinator+MagicalRecord.m */; };
		C405ED291735E3FD0086368F /* MagicalRecord+Actions.m in Sources */ = {isa = PBXBuildFile; fileRef = C405ED071735E3FD0086368F /* MagicalRecord+Actions.m */; };
		C405ED2A1735E3FD0086368F /* MagicalRecord+ErrorHandling.m in Sources */ = {isa = PBXBuildFile; fileRef = C405ED091735E3FD0086368F /* MagicalRecord+ErrorHandling.m */; };
		C405ED2B1735E3FD0086368F /* MagicalRecord+iCloud.m in Sources */ = {isa = PBXBuildFile; fileRef = C405ED0B1735E3FD0086368F /* MagicalRecord+iCloud.m */; };
		C405ED2C1735E3FD0086368F /* MagicalRecord+Options.m in Sources */ = {isa = PBXBuildFile; fileRef = C405ED0D1735E3FD0086368F /* MagicalRecord+Options.m */; };
		C405ED2D1735E3FD0086368F /* MagicalRecord+Setup.m in Sources */ = {isa = PBXBuildFile; fileRef = C405ED0F1735E3FD0086368F /* MagicalRecord+Setup.m */; };
		C405ED2E1735E3FD0086368F /* MagicalRecord+ShorthandSupport.m in Sources */ = {isa = PBXBuildFile; fileRef = C405ED111735E3FD0086368F /* MagicalRecord+ShorthandSupport.m */; };
		C405ED2F1735E3FD0086368F /* MagicalRecord.m in Sources */ = {isa = PBXBuildFile; fileRef = C405ED131735E3FD0086368F /* MagicalRecord.m */; };
		C405ED341735E43C0086368F /* SignInViewController.m in Sources */ = {isa = PBXBuildFile; fileRef = C405ED321735E43C0086368F /* SignInViewController.m */; };
		C405ED351735E43C0086368F /* SignInViewController.xib in Resources */ = {isa = PBXBuildFile; fileRef = C405ED331735E43C0086368F /* SignInViewController.xib */; };
		C405ED391735E47B0086368F /* CoreData.framework in Frameworks */ = {isa = PBXBuildFile; fileRef = C405ED381735E47B0086368F /* CoreData.framework */; };
		C405ED3B1735E4940086368F /* CoreImage.framework in Frameworks */ = {isa = PBXBuildFile; fileRef = C405ED3A1735E4940086368F /* CoreImage.framework */; };
		C405ED3F1735E7220086368F /* MapViewController.m in Sources */ = {isa = PBXBuildFile; fileRef = C405ED3D1735E7220086368F /* MapViewController.m */; };
		C405ED401735E7220086368F /* MapViewController.xib in Resources */ = {isa = PBXBuildFile; fileRef = C405ED3E1735E7220086368F /* MapViewController.xib */; };
		C405ED451735E7B30086368F /* BFAddFilter.m in Sources */ = {isa = PBXBuildFile; fileRef = C405ED411735E7B30086368F /* BFAddFilter.m */; };
		C405ED461735E7B30086368F /* BFLocation.m in Sources */ = {isa = PBXBuildFile; fileRef = C405ED431735E7B30086368F /* BFLocation.m */; };
		C405ED4B1735E7C90086368F /* location_Button@2x.png in Resources */ = {isa = PBXBuildFile; fileRef = C405ED471735E7C90086368F /* location_Button@2x.png */; };
		C405ED4C1735E7C90086368F /* location_Button.png in Resources */ = {isa = PBXBuildFile; fileRef = C405ED481735E7C90086368F /* location_Button.png */; };
		C405ED4D1735E7C90086368F /* location_arrow@2x.png in Resources */ = {isa = PBXBuildFile; fileRef = C405ED491735E7C90086368F /* location_arrow@2x.png */; };
		C405ED4E1735E7C90086368F /* location_arrow.png in Resources */ = {isa = PBXBuildFile; fileRef = C405ED4A1735E7C90086368F /* location_arrow.png */; };
		C405ED801736BF700086368F /* MapKit.framework in Frameworks */ = {isa = PBXBuildFile; fileRef = C405ED7F1736BF6F0086368F /* MapKit.framework */; };
		C405ED821736BFDE0086368F /* CoreLocation.framework in Frameworks */ = {isa = PBXBuildFile; fileRef = C405ED811736BFDD0086368F /* CoreLocation.framework */; };
		C405ED871736CFC40086368F /* FeedViewController.m in Sources */ = {isa = PBXBuildFile; fileRef = C405ED851736CFC20086368F /* FeedViewController.m */; };
		C405ED881736CFC40086368F /* FeedViewController.xib in Resources */ = {isa = PBXBuildFile; fileRef = C405ED861736CFC30086368F /* FeedViewController.xib */; };
		C405ED8C1736D49E0086368F /* CameraViewController.m in Sources */ = {isa = PBXBuildFile; fileRef = C405ED8A1736D49C0086368F /* CameraViewController.m */; };
		C405ED8D1736D49E0086368F /* CameraViewController.xib in Resources */ = {isa = PBXBuildFile; fileRef = C405ED8B1736D49D0086368F /* CameraViewController.xib */; };
		C405ED911736E4F30086368F /* Model.xcdatamodeld in Sources */ = {isa = PBXBuildFile; fileRef = C405ED8F1736E4F30086368F /* Model.xcdatamodeld */; };
		C405ED941736E5DE0086368F /* Photo.m in Sources */ = {isa = PBXBuildFile; fileRef = C405ED931736E5DE0086368F /* Photo.m */; };
		C405EDC81736FCCA0086368F /* QuartzCore.framework in Frameworks */ = {isa = PBXBuildFile; fileRef = C405EDC71736FCC90086368F /* QuartzCore.framework */; };
/* End PBXBuildFile section */

/* Begin PBXFileReference section */
		C405ECB41735E38B0086368F /* GeneralAssemblyPhotoApp.app */ = {isa = PBXFileReference; explicitFileType = wrapper.application; includeInIndex = 0; path = GeneralAssemblyPhotoApp.app; sourceTree = BUILT_PRODUCTS_DIR; };
		C405ECB71735E38B0086368F /* UIKit.framework */ = {isa = PBXFileReference; lastKnownFileType = wrapper.framework; name = UIKit.framework; path = System/Library/Frameworks/UIKit.framework; sourceTree = SDKROOT; };
		C405ECB91735E38B0086368F /* Foundation.framework */ = {isa = PBXFileReference; lastKnownFileType = wrapper.framework; name = Foundation.framework; path = System/Library/Frameworks/Foundation.framework; sourceTree = SDKROOT; };
		C405ECBB1735E38B0086368F /* CoreGraphics.framework */ = {isa = PBXFileReference; lastKnownFileType = wrapper.framework; name = CoreGraphics.framework; path = System/Library/Frameworks/CoreGraphics.framework; sourceTree = SDKROOT; };
		C405ECBF1735E38B0086368F /* GeneralAssemblyPhotoApp-Info.plist */ = {isa = PBXFileReference; lastKnownFileType = text.plist.xml; path = "GeneralAssemblyPhotoApp-Info.plist"; sourceTree = "<group>"; };
		C405ECC11735E38B0086368F /* en */ = {isa = PBXFileReference; lastKnownFileType = text.plist.strings; name = en; path = en.lproj/InfoPlist.strings; sourceTree = "<group>"; };
		C405ECC31735E38B0086368F /* main.m */ = {isa = PBXFileReference; lastKnownFileType = sourcecode.c.objc; path = main.m; sourceTree = "<group>"; };
		C405ECC51735E38B0086368F /* GeneralAssemblyPhotoApp-Prefix.pch */ = {isa = PBXFileReference; lastKnownFileType = sourcecode.c.h; path = "GeneralAssemblyPhotoApp-Prefix.pch"; sourceTree = "<group>"; };
		C405ECC61735E38B0086368F /* AppDelegate.h */ = {isa = PBXFileReference; lastKnownFileType = sourcecode.c.h; path = AppDelegate.h; sourceTree = "<group>"; };
		C405ECC71735E38B0086368F /* AppDelegate.m */ = {isa = PBXFileReference; lastKnownFileType = sourcecode.c.objc; path = AppDelegate.m; sourceTree = "<group>"; };
		C405ECC91735E38B0086368F /* Default.png */ = {isa = PBXFileReference; lastKnownFileType = image.png; path = Default.png; sourceTree = "<group>"; };
		C405ECCB1735E38B0086368F /* Default@2x.png */ = {isa = PBXFileReference; lastKnownFileType = image.png; path = "Default@2x.png"; sourceTree = "<group>"; };
		C405ECCD1735E38B0086368F /* Default-568h@2x.png */ = {isa = PBXFileReference; lastKnownFileType = image.png; path = "Default-568h@2x.png"; sourceTree = "<group>"; };
		C405ECDD1735E3FC0086368F /* MagicalImportFunctions.h */ = {isa = PBXFileReference; fileEncoding = 4; lastKnownFileType = sourcecode.c.h; path = MagicalImportFunctions.h; sourceTree = "<group>"; };
		C405ECDE1735E3FD0086368F /* MagicalImportFunctions.m */ = {isa = PBXFileReference; fileEncoding = 4; lastKnownFileType = sourcecode.c.objc; path = MagicalImportFunctions.m; sourceTree = "<group>"; };
		C405ECDF1735E3FD0086368F /* NSAttributeDescription+MagicalDataImport.h */ = {isa = PBXFileReference; fileEncoding = 4; lastKnownFileType = sourcecode.c.h; path = "NSAttributeDescription+MagicalDataImport.h"; sourceTree = "<group>"; };
		C405ECE01735E3FD0086368F /* NSAttributeDescription+MagicalDataImport.m */ = {isa = PBXFileReference; fileEncoding = 4; lastKnownFileType = sourcecode.c.objc; path = "NSAttributeDescription+MagicalDataImport.m"; sourceTree = "<group>"; };
		C405ECE11735E3FD0086368F /* NSEntityDescription+MagicalDataImport.h */ = {isa = PBXFileReference; fileEncoding = 4; lastKnownFileType = sourcecode.c.h; path = "NSEntityDescription+MagicalDataImport.h"; sourceTree = "<group>"; };
		C405ECE21735E3FD0086368F /* NSEntityDescription+MagicalDataImport.m */ = {isa = PBXFileReference; fileEncoding = 4; lastKnownFileType = sourcecode.c.objc; path = "NSEntityDescription+MagicalDataImport.m"; sourceTree = "<group>"; };
		C405ECE31735E3FD0086368F /* NSNumber+MagicalDataImport.h */ = {isa = PBXFileReference; fileEncoding = 4; lastKnownFileType = sourcecode.c.h; path = "NSNumber+MagicalDataImport.h"; sourceTree = "<group>"; };
		C405ECE41735E3FD0086368F /* NSNumber+MagicalDataImport.m */ = {isa = PBXFileReference; fileEncoding = 4; lastKnownFileType = sourcecode.c.objc; path = "NSNumber+MagicalDataImport.m"; sourceTree = "<group>"; };
		C405ECE51735E3FD0086368F /* NSObject+MagicalDataImport.h */ = {isa = PBXFileReference; fileEncoding = 4; lastKnownFileType = sourcecode.c.h; path = "NSObject+MagicalDataImport.h"; sourceTree = "<group>"; };
		C405ECE61735E3FD0086368F /* NSObject+MagicalDataImport.m */ = {isa = PBXFileReference; fileEncoding = 4; lastKnownFileType = sourcecode.c.objc; path = "NSObject+MagicalDataImport.m"; sourceTree = "<group>"; };
		C405ECE71735E3FD0086368F /* NSRelationshipDescription+MagicalDataImport.h */ = {isa = PBXFileReference; fileEncoding = 4; lastKnownFileType = sourcecode.c.h; path = "NSRelationshipDescription+MagicalDataImport.h"; sourceTree = "<group>"; };
		C405ECE81735E3FD0086368F /* NSRelationshipDescription+MagicalDataImport.m */ = {isa = PBXFileReference; fileEncoding = 4; lastKnownFileType = sourcecode.c.objc; path = "NSRelationshipDescription+MagicalDataImport.m"; sourceTree = "<group>"; };
		C405ECE91735E3FD0086368F /* NSString+MagicalDataImport.h */ = {isa = PBXFileReference; fileEncoding = 4; lastKnownFileType = sourcecode.c.h; path = "NSString+MagicalDataImport.h"; sourceTree = "<group>"; };
		C405ECEA1735E3FD0086368F /* NSString+MagicalDataImport.m */ = {isa = PBXFileReference; fileEncoding = 4; lastKnownFileType = sourcecode.c.objc; path = "NSString+MagicalDataImport.m"; sourceTree = "<group>"; };
		C405ECEC1735E3FD0086368F /* NSManagedObject+MagicalAggregation.h */ = {isa = PBXFileReference; fileEncoding = 4; lastKnownFileType = sourcecode.c.h; path = "NSManagedObject+MagicalAggregation.h"; sourceTree = "<group>"; };
		C405ECED1735E3FD0086368F /* NSManagedObject+MagicalAggregation.m */ = {isa = PBXFileReference; fileEncoding = 4; lastKnownFileType = sourcecode.c.objc; path = "NSManagedObject+MagicalAggregation.m"; sourceTree = "<group>"; };
		C405ECEE1735E3FD0086368F /* NSManagedObject+MagicalDataImport.h */ = {isa = PBXFileReference; fileEncoding = 4; lastKnownFileType = sourcecode.c.h; path = "NSManagedObject+MagicalDataImport.h"; sourceTree = "<group>"; };
		C405ECEF1735E3FD0086368F /* NSManagedObject+MagicalDataImport.m */ = {isa = PBXFileReference; fileEncoding = 4; lastKnownFileType = sourcecode.c.objc; path = "NSManagedObject+MagicalDataImport.m"; sourceTree = "<group>"; };
		C405ECF01735E3FD0086368F /* NSManagedObject+MagicalFinders.h */ = {isa = PBXFileReference; fileEncoding = 4; lastKnownFileType = sourcecode.c.h; path = "NSManagedObject+MagicalFinders.h"; sourceTree = "<group>"; };
		C405ECF11735E3FD0086368F /* NSManagedObject+MagicalFinders.m */ = {isa = PBXFileReference; fileEncoding = 4; lastKnownFileType = sourcecode.c.objc; path = "NSManagedObject+MagicalFinders.m"; sourceTree = "<group>"; };
		C405ECF21735E3FD0086368F /* NSManagedObject+MagicalRecord.h */ = {isa = PBXFileReference; fileEncoding = 4; lastKnownFileType = sourcecode.c.h; path = "NSManagedObject+MagicalRecord.h"; sourceTree = "<group>"; };
		C405ECF31735E3FD0086368F /* NSManagedObject+MagicalRecord.m */ = {isa = PBXFileReference; fileEncoding = 4; lastKnownFileType = sourcecode.c.objc; path = "NSManagedObject+MagicalRecord.m"; sourceTree = "<group>"; };
		C405ECF41735E3FD0086368F /* NSManagedObject+MagicalRequests.h */ = {isa = PBXFileReference; fileEncoding = 4; lastKnownFileType = sourcecode.c.h; path = "NSManagedObject+MagicalRequests.h"; sourceTree = "<group>"; };
		C405ECF51735E3FD0086368F /* NSManagedObject+MagicalRequests.m */ = {isa = PBXFileReference; fileEncoding = 4; lastKnownFileType = sourcecode.c.objc; path = "NSManagedObject+MagicalRequests.m"; sourceTree = "<group>"; };
		C405ECF71735E3FD0086368F /* NSManagedObjectContext+MagicalObserving.h */ = {isa = PBXFileReference; fileEncoding = 4; lastKnownFileType = sourcecode.c.h; path = "NSManagedObjectContext+MagicalObserving.h"; sourceTree = "<group>"; };
		C405ECF81735E3FD0086368F /* NSManagedObjectContext+MagicalObserving.m */ = {isa = PBXFileReference; fileEncoding = 4; lastKnownFileType = sourcecode.c.objc; path = "NSManagedObjectContext+MagicalObserving.m"; sourceTree = "<group>"; };
		C405ECF91735E3FD0086368F /* NSManagedObjectContext+MagicalRecord.h */ = {isa = PBXFileReference; fileEncoding = 4; lastKnownFileType = sourcecode.c.h; path = "NSManagedObjectContext+MagicalRecord.h"; sourceTree = "<group>"; };
		C405ECFA1735E3FD0086368F /* NSManagedObjectContext+MagicalRecord.m */ = {isa = PBXFileReference; fileEncoding = 4; lastKnownFileType = sourcecode.c.objc; path = "NSManagedObjectContext+MagicalRecord.m"; sourceTree = "<group>"; };
		C405ECFB1735E3FD0086368F /* NSManagedObjectContext+MagicalSaves.h */ = {isa = PBXFileReference; fileEncoding = 4; lastKnownFileType = sourcecode.c.h; path = "NSManagedObjectContext+MagicalSaves.h"; sourceTree = "<group>"; };
		C405ECFC1735E3FD0086368F /* NSManagedObjectContext+MagicalSaves.m */ = {isa = PBXFileReference; fileEncoding = 4; lastKnownFileType = sourcecode.c.objc; path = "NSManagedObjectContext+MagicalSaves.m"; sourceTree = "<group>"; };
		C405ECFD1735E3FD0086368F /* NSManagedObjectContext+MagicalThreading.h */ = {isa = PBXFileReference; fileEncoding = 4; lastKnownFileType = sourcecode.c.h; path = "NSManagedObjectContext+MagicalThreading.h"; sourceTree = "<group>"; };
		C405ECFE1735E3FD0086368F /* NSManagedObjectContext+MagicalThreading.m */ = {isa = PBXFileReference; fileEncoding = 4; lastKnownFileType = sourcecode.c.objc; path = "NSManagedObjectContext+MagicalThreading.m"; sourceTree = "<group>"; };
		C405ECFF1735E3FD0086368F /* NSManagedObjectModel+MagicalRecord.h */ = {isa = PBXFileReference; fileEncoding = 4; lastKnownFileType = sourcecode.c.h; path = "NSManagedObjectModel+MagicalRecord.h"; sourceTree = "<group>"; };
		C405ED001735E3FD0086368F /* NSManagedObjectModel+MagicalRecord.m */ = {isa = PBXFileReference; fileEncoding = 4; lastKnownFileType = sourcecode.c.objc; path = "NSManagedObjectModel+MagicalRecord.m"; sourceTree = "<group>"; };
		C405ED011735E3FD0086368F /* NSPersistentStore+MagicalRecord.h */ = {isa = PBXFileReference; fileEncoding = 4; lastKnownFileType = sourcecode.c.h; path = "NSPersistentStore+MagicalRecord.h"; sourceTree = "<group>"; };
		C405ED021735E3FD0086368F /* NSPersistentStore+MagicalRecord.m */ = {isa = PBXFileReference; fileEncoding = 4; lastKnownFileType = sourcecode.c.objc; path = "NSPersistentStore+MagicalRecord.m"; sourceTree = "<group>"; };
		C405ED031735E3FD0086368F /* NSPersistentStoreCoordinator+MagicalRecord.h */ = {isa = PBXFileReference; fileEncoding = 4; lastKnownFileType = sourcecode.c.h; path = "NSPersistentStoreCoordinator+MagicalRecord.h"; sourceTree = "<group>"; };
		C405ED041735E3FD0086368F /* NSPersistentStoreCoordinator+MagicalRecord.m */ = {isa = PBXFileReference; fileEncoding = 4; lastKnownFileType = sourcecode.c.objc; path = "NSPersistentStoreCoordinator+MagicalRecord.m"; sourceTree = "<group>"; };
		C405ED061735E3FD0086368F /* MagicalRecord+Actions.h */ = {isa = PBXFileReference; fileEncoding = 4; lastKnownFileType = sourcecode.c.h; path = "MagicalRecord+Actions.h"; sourceTree = "<group>"; };
		C405ED071735E3FD0086368F /* MagicalRecord+Actions.m */ = {isa = PBXFileReference; fileEncoding = 4; lastKnownFileType = sourcecode.c.objc; path = "MagicalRecord+Actions.m"; sourceTree = "<group>"; };
		C405ED081735E3FD0086368F /* MagicalRecord+ErrorHandling.h */ = {isa = PBXFileReference; fileEncoding = 4; lastKnownFileType = sourcecode.c.h; path = "MagicalRecord+ErrorHandling.h"; sourceTree = "<group>"; };
		C405ED091735E3FD0086368F /* MagicalRecord+ErrorHandling.m */ = {isa = PBXFileReference; fileEncoding = 4; lastKnownFileType = sourcecode.c.objc; path = "MagicalRecord+ErrorHandling.m"; sourceTree = "<group>"; };
		C405ED0A1735E3FD0086368F /* MagicalRecord+iCloud.h */ = {isa = PBXFileReference; fileEncoding = 4; lastKnownFileType = sourcecode.c.h; path = "MagicalRecord+iCloud.h"; sourceTree = "<group>"; };
		C405ED0B1735E3FD0086368F /* MagicalRecord+iCloud.m */ = {isa = PBXFileReference; fileEncoding = 4; lastKnownFileType = sourcecode.c.objc; path = "MagicalRecord+iCloud.m"; sourceTree = "<group>"; };
		C405ED0C1735E3FD0086368F /* MagicalRecord+Options.h */ = {isa = PBXFileReference; fileEncoding = 4; lastKnownFileType = sourcecode.c.h; path = "MagicalRecord+Options.h"; sourceTree = "<group>"; };
		C405ED0D1735E3FD0086368F /* MagicalRecord+Options.m */ = {isa = PBXFileReference; fileEncoding = 4; lastKnownFileType = sourcecode.c.objc; path = "MagicalRecord+Options.m"; sourceTree = "<group>"; };
		C405ED0E1735E3FD0086368F /* MagicalRecord+Setup.h */ = {isa = PBXFileReference; fileEncoding = 4; lastKnownFileType = sourcecode.c.h; path = "MagicalRecord+Setup.h"; sourceTree = "<group>"; };
		C405ED0F1735E3FD0086368F /* MagicalRecord+Setup.m */ = {isa = PBXFileReference; fileEncoding = 4; lastKnownFileType = sourcecode.c.objc; path = "MagicalRecord+Setup.m"; sourceTree = "<group>"; };
		C405ED101735E3FD0086368F /* MagicalRecord+ShorthandSupport.h */ = {isa = PBXFileReference; fileEncoding = 4; lastKnownFileType = sourcecode.c.h; path = "MagicalRecord+ShorthandSupport.h"; sourceTree = "<group>"; };
		C405ED111735E3FD0086368F /* MagicalRecord+ShorthandSupport.m */ = {isa = PBXFileReference; fileEncoding = 4; lastKnownFileType = sourcecode.c.objc; path = "MagicalRecord+ShorthandSupport.m"; sourceTree = "<group>"; };
		C405ED121735E3FD0086368F /* MagicalRecord.h */ = {isa = PBXFileReference; fileEncoding = 4; lastKnownFileType = sourcecode.c.h; path = MagicalRecord.h; sourceTree = "<group>"; };
		C405ED131735E3FD0086368F /* MagicalRecord.m */ = {isa = PBXFileReference; fileEncoding = 4; lastKnownFileType = sourcecode.c.objc; path = MagicalRecord.m; sourceTree = "<group>"; };
		C405ED141735E3FD0086368F /* MagicalRecordShorthand.h */ = {isa = PBXFileReference; fileEncoding = 4; lastKnownFileType = sourcecode.c.h; path = MagicalRecordShorthand.h; sourceTree = "<group>"; };
		C405ED151735E3FD0086368F /* CoreData+MagicalRecord.h */ = {isa = PBXFileReference; fileEncoding = 4; lastKnownFileType = sourcecode.c.h; path = "CoreData+MagicalRecord.h"; sourceTree = "<group>"; };
		C405ED311735E43C0086368F /* SignInViewController.h */ = {isa = PBXFileReference; fileEncoding = 4; lastKnownFileType = sourcecode.c.h; name = SignInViewController.h; path = ../SignInViewController.h; sourceTree = "<group>"; };
		C405ED321735E43C0086368F /* SignInViewController.m */ = {isa = PBXFileReference; fileEncoding = 4; lastKnownFileType = sourcecode.c.objc; name = SignInViewController.m; path = ../SignInViewController.m; sourceTree = "<group>"; };
		C405ED331735E43C0086368F /* SignInViewController.xib */ = {isa = PBXFileReference; fileEncoding = 4; lastKnownFileType = file.xib; name = SignInViewController.xib; path = ../SignInViewController.xib; sourceTree = "<group>"; };
		C405ED381735E47B0086368F /* CoreData.framework */ = {isa = PBXFileReference; lastKnownFileType = wrapper.framework; name = CoreData.framework; path = System/Library/Frameworks/CoreData.framework; sourceTree = SDKROOT; };
		C405ED3A1735E4940086368F /* CoreImage.framework */ = {isa = PBXFileReference; lastKnownFileType = wrapper.framework; name = CoreImage.framework; path = System/Library/Frameworks/CoreImage.framework; sourceTree = SDKROOT; };
		C405ED3C1735E7220086368F /* MapViewController.h */ = {isa = PBXFileReference; fileEncoding = 4; lastKnownFileType = sourcecode.c.h; path = MapViewController.h; sourceTree = "<group>"; };
		C405ED3D1735E7220086368F /* MapViewController.m */ = {isa = PBXFileReference; fileEncoding = 4; lastKnownFileType = sourcecode.c.objc; path = MapViewController.m; sourceTree = "<group>"; };
		C405ED3E1735E7220086368F /* MapViewController.xib */ = {isa = PBXFileReference; fileEncoding = 4; lastKnownFileType = file.xib; path = MapViewController.xib; sourceTree = "<group>"; };
		C405ED411735E7B30086368F /* BFAddFilter.m */ = {isa = PBXFileReference; fileEncoding = 4; lastKnownFileType = sourcecode.c.objc; path = BFAddFilter.m; sourceTree = "<group>"; };
		C405ED421735E7B30086368F /* BFAddFilter.h */ = {isa = PBXFileReference; fileEncoding = 4; lastKnownFileType = sourcecode.c.h; path = BFAddFilter.h; sourceTree = "<group>"; };
		C405ED431735E7B30086368F /* BFLocation.m */ = {isa = PBXFileReference; fileEncoding = 4; lastKnownFileType = sourcecode.c.objc; path = BFLocation.m; sourceTree = "<group>"; };
		C405ED441735E7B30086368F /* BFLocation.h */ = {isa = PBXFileReference; fileEncoding = 4; lastKnownFileType = sourcecode.c.h; path = BFLocation.h; sourceTree = "<group>"; };
		C405ED471735E7C90086368F /* location_Button@2x.png */ = {isa = PBXFileReference; lastKnownFileType = image.png; path = "location_Button@2x.png"; sourceTree = "<group>"; };
		C405ED481735E7C90086368F /* location_Button.png */ = {isa = PBXFileReference; lastKnownFileType = image.png; path = location_Button.png; sourceTree = "<group>"; };
		C405ED491735E7C90086368F /* location_arrow@2x.png */ = {isa = PBXFileReference; lastKnownFileType = image.png; path = "location_arrow@2x.png"; sourceTree = "<group>"; };
		C405ED4A1735E7C90086368F /* location_arrow.png */ = {isa = PBXFileReference; lastKnownFileType = image.png; path = location_arrow.png; sourceTree = "<group>"; };
		C405ED7F1736BF6F0086368F /* MapKit.framework */ = {isa = PBXFileReference; lastKnownFileType = wrapper.framework; name = MapKit.framework; path = System/Library/Frameworks/MapKit.framework; sourceTree = SDKROOT; };
		C405ED811736BFDD0086368F /* CoreLocation.framework */ = {isa = PBXFileReference; lastKnownFileType = wrapper.framework; name = CoreLocation.framework; path = System/Library/Frameworks/CoreLocation.framework; sourceTree = SDKROOT; };
		C405ED841736CFC10086368F /* FeedViewController.h */ = {isa = PBXFileReference; fileEncoding = 4; lastKnownFileType = sourcecode.c.h; path = FeedViewController.h; sourceTree = "<group>"; };
		C405ED851736CFC20086368F /* FeedViewController.m */ = {isa = PBXFileReference; fileEncoding = 4; lastKnownFileType = sourcecode.c.objc; path = FeedViewController.m; sourceTree = "<group>"; };
		C405ED861736CFC30086368F /* FeedViewController.xib */ = {isa = PBXFileReference; fileEncoding = 4; lastKnownFileType = file.xib; path = FeedViewController.xib; sourceTree = "<group>"; };
		C405ED891736D49B0086368F /* CameraViewController.h */ = {isa = PBXFileReference; fileEncoding = 4; lastKnownFileType = sourcecode.c.h; path = CameraViewController.h; sourceTree = "<group>"; };
		C405ED8A1736D49C0086368F /* CameraViewController.m */ = {isa = PBXFileReference; fileEncoding = 4; lastKnownFileType = sourcecode.c.objc; path = CameraViewController.m; sourceTree = "<group>"; };
		C405ED8B1736D49D0086368F /* CameraViewController.xib */ = {isa = PBXFileReference; fileEncoding = 4; lastKnownFileType = file.xib; path = CameraViewController.xib; sourceTree = "<group>"; };
		C405ED901736E4F30086368F /* Model.xcdatamodel */ = {isa = PBXFileReference; lastKnownFileType = wrapper.xcdatamodel; path = Model.xcdatamodel; sourceTree = "<group>"; };
		C405ED921736E5DE0086368F /* Photo.h */ = {isa = PBXFileReference; fileEncoding = 4; lastKnownFileType = sourcecode.c.h; path = Photo.h; sourceTree = "<group>"; };
		C405ED931736E5DE0086368F /* Photo.m */ = {isa = PBXFileReference; fileEncoding = 4; lastKnownFileType = sourcecode.c.objc; path = Photo.m; sourceTree = "<group>"; };
		C405EDC71736FCC90086368F /* QuartzCore.framework */ = {isa = PBXFileReference; lastKnownFileType = wrapper.framework; name = QuartzCore.framework; path = System/Library/Frameworks/QuartzCore.framework; sourceTree = SDKROOT; };
/* End PBXFileReference section */

/* Begin PBXFrameworksBuildPhase section */
		C405ECB11735E38B0086368F /* Frameworks */ = {
			isa = PBXFrameworksBuildPhase;
			buildActionMask = 2147483647;
			files = (
				C405EDC81736FCCA0086368F /* QuartzCore.framework in Frameworks */,
				C405ED821736BFDE0086368F /* CoreLocation.framework in Frameworks */,
				C405ED801736BF700086368F /* MapKit.framework in Frameworks */,
				C405ED3B1735E4940086368F /* CoreImage.framework in Frameworks */,
				C405ED391735E47B0086368F /* CoreData.framework in Frameworks */,
				C405ECB81735E38B0086368F /* UIKit.framework in Frameworks */,
				C405ECBA1735E38B0086368F /* Foundation.framework in Frameworks */,
				C405ECBC1735E38B0086368F /* CoreGraphics.framework in Frameworks */,
			);
			runOnlyForDeploymentPostprocessing = 0;
		};
/* End PBXFrameworksBuildPhase section */

/* Begin PBXGroup section */
		C405ECAB1735E38B0086368F = {
			isa = PBXGroup;
			children = (
				C405EDC71736FCC90086368F /* QuartzCore.framework */,
				C405ECBD1735E38B0086368F /* GeneralAssemblyPhotoApp */,
				C405ECB61735E38B0086368F /* Frameworks */,
				C405ECB51735E38B0086368F /* Products */,
			);
			sourceTree = "<group>";
		};
		C405ECB51735E38B0086368F /* Products */ = {
			isa = PBXGroup;
			children = (
				C405ECB41735E38B0086368F /* GeneralAssemblyPhotoApp.app */,
			);
			name = Products;
			sourceTree = "<group>";
		};
		C405ECB61735E38B0086368F /* Frameworks */ = {
			isa = PBXGroup;
			children = (
				C405ED811736BFDD0086368F /* CoreLocation.framework */,
				C405ED7F1736BF6F0086368F /* MapKit.framework */,
				C405ED3A1735E4940086368F /* CoreImage.framework */,
				C405ED381735E47B0086368F /* CoreData.framework */,
				C405ECB71735E38B0086368F /* UIKit.framework */,
				C405ECB91735E38B0086368F /* Foundation.framework */,
				C405ECBB1735E38B0086368F /* CoreGraphics.framework */,
			);
			name = Frameworks;
			sourceTree = "<group>";
		};
		C405ECBD1735E38B0086368F /* GeneralAssemblyPhotoApp */ = {
			isa = PBXGroup;
			children = (
				C405ED371735E44A0086368F /* Initialization */,
				C405ED361735E4400086368F /* ViewControllers */,
				C405ED301735E41B0086368F /* Helper */,
				C405ED8E1736E4BD0086368F /* Model */,
				C405ED4F1735E7D10086368F /* Libraries */,
				C405ECBE1735E38B0086368F /* Supporting Files */,
			);
			path = GeneralAssemblyPhotoApp;
			sourceTree = "<group>";
		};
		C405ECBE1735E38B0086368F /* Supporting Files */ = {
			isa = PBXGroup;
			children = (
				C405ED471735E7C90086368F /* location_Button@2x.png */,
				C405ED481735E7C90086368F /* location_Button.png */,
				C405ED491735E7C90086368F /* location_arrow@2x.png */,
				C405ED4A1735E7C90086368F /* location_arrow.png */,
				C405ECBF1735E38B0086368F /* GeneralAssemblyPhotoApp-Info.plist */,
				C405ECC01735E38B0086368F /* InfoPlist.strings */,
				C405ECC31735E38B0086368F /* main.m */,
				C405ECC51735E38B0086368F /* GeneralAssemblyPhotoApp-Prefix.pch */,
				C405ECC91735E38B0086368F /* Default.png */,
				C405ECCB1735E38B0086368F /* Default@2x.png */,
				C405ECCD1735E38B0086368F /* Default-568h@2x.png */,
			);
			name = "Supporting Files";
			sourceTree = "<group>";
		};
		C405ECDA1735E3FC0086368F /* MagicalRecord */ = {
			isa = PBXGroup;
			children = (
				C405ECDB1735E3FC0086368F /* Categories */,
				C405ED051735E3FD0086368F /* Core */,
				C405ED151735E3FD0086368F /* CoreData+MagicalRecord.h */,
			);
			path = MagicalRecord;
			sourceTree = "<group>";
		};
		C405ECDB1735E3FC0086368F /* Categories */ = {
			isa = PBXGroup;
			children = (
				C405ECDC1735E3FC0086368F /* DataImport */,
				C405ECEB1735E3FD0086368F /* NSManagedObject */,
				C405ECF61735E3FD0086368F /* NSManagedObjectContext */,
				C405ECFF1735E3FD0086368F /* NSManagedObjectModel+MagicalRecord.h */,
				C405ED001735E3FD0086368F /* NSManagedObjectModel+MagicalRecord.m */,
				C405ED011735E3FD0086368F /* NSPersistentStore+MagicalRecord.h */,
				C405ED021735E3FD0086368F /* NSPersistentStore+MagicalRecord.m */,
				C405ED031735E3FD0086368F /* NSPersistentStoreCoordinator+MagicalRecord.h */,
				C405ED041735E3FD0086368F /* NSPersistentStoreCoordinator+MagicalRecord.m */,
			);
			path = Categories;
			sourceTree = "<group>";
		};
		C405ECDC1735E3FC0086368F /* DataImport */ = {
			isa = PBXGroup;
			children = (
				C405ECDD1735E3FC0086368F /* MagicalImportFunctions.h */,
				C405ECDE1735E3FD0086368F /* MagicalImportFunctions.m */,
				C405ECDF1735E3FD0086368F /* NSAttributeDescription+MagicalDataImport.h */,
				C405ECE01735E3FD0086368F /* NSAttributeDescription+MagicalDataImport.m */,
				C405ECE11735E3FD0086368F /* NSEntityDescription+MagicalDataImport.h */,
				C405ECE21735E3FD0086368F /* NSEntityDescription+MagicalDataImport.m */,
				C405ECE31735E3FD0086368F /* NSNumber+MagicalDataImport.h */,
				C405ECE41735E3FD0086368F /* NSNumber+MagicalDataImport.m */,
				C405ECE51735E3FD0086368F /* NSObject+MagicalDataImport.h */,
				C405ECE61735E3FD0086368F /* NSObject+MagicalDataImport.m */,
				C405ECE71735E3FD0086368F /* NSRelationshipDescription+MagicalDataImport.h */,
				C405ECE81735E3FD0086368F /* NSRelationshipDescription+MagicalDataImport.m */,
				C405ECE91735E3FD0086368F /* NSString+MagicalDataImport.h */,
				C405ECEA1735E3FD0086368F /* NSString+MagicalDataImport.m */,
			);
			path = DataImport;
			sourceTree = "<group>";
		};
		C405ECEB1735E3FD0086368F /* NSManagedObject */ = {
			isa = PBXGroup;
			children = (
				C405ECEC1735E3FD0086368F /* NSManagedObject+MagicalAggregation.h */,
				C405ECED1735E3FD0086368F /* NSManagedObject+MagicalAggregation.m */,
				C405ECEE1735E3FD0086368F /* NSManagedObject+MagicalDataImport.h */,
				C405ECEF1735E3FD0086368F /* NSManagedObject+MagicalDataImport.m */,
				C405ECF01735E3FD0086368F /* NSManagedObject+MagicalFinders.h */,
				C405ECF11735E3FD0086368F /* NSManagedObject+MagicalFinders.m */,
				C405ECF21735E3FD0086368F /* NSManagedObject+MagicalRecord.h */,
				C405ECF31735E3FD0086368F /* NSManagedObject+MagicalRecord.m */,
				C405ECF41735E3FD0086368F /* NSManagedObject+MagicalRequests.h */,
				C405ECF51735E3FD0086368F /* NSManagedObject+MagicalRequests.m */,
			);
			path = NSManagedObject;
			sourceTree = "<group>";
		};
		C405ECF61735E3FD0086368F /* NSManagedObjectContext */ = {
			isa = PBXGroup;
			children = (
				C405ECF71735E3FD0086368F /* NSManagedObjectContext+MagicalObserving.h */,
				C405ECF81735E3FD0086368F /* NSManagedObjectContext+MagicalObserving.m */,
				C405ECF91735E3FD0086368F /* NSManagedObjectContext+MagicalRecord.h */,
				C405ECFA1735E3FD0086368F /* NSManagedObjectContext+MagicalRecord.m */,
				C405ECFB1735E3FD0086368F /* NSManagedObjectContext+MagicalSaves.h */,
				C405ECFC1735E3FD0086368F /* NSManagedObjectContext+MagicalSaves.m */,
				C405ECFD1735E3FD0086368F /* NSManagedObjectContext+MagicalThreading.h */,
				C405ECFE1735E3FD0086368F /* NSManagedObjectContext+MagicalThreading.m */,
			);
			path = NSManagedObjectContext;
			sourceTree = "<group>";
		};
		C405ED051735E3FD0086368F /* Core */ = {
			isa = PBXGroup;
			children = (
				C405ED061735E3FD0086368F /* MagicalRecord+Actions.h */,
				C405ED071735E3FD0086368F /* MagicalRecord+Actions.m */,
				C405ED081735E3FD0086368F /* MagicalRecord+ErrorHandling.h */,
				C405ED091735E3FD0086368F /* MagicalRecord+ErrorHandling.m */,
				C405ED0A1735E3FD0086368F /* MagicalRecord+iCloud.h */,
				C405ED0B1735E3FD0086368F /* MagicalRecord+iCloud.m */,
				C405ED0C1735E3FD0086368F /* MagicalRecord+Options.h */,
				C405ED0D1735E3FD0086368F /* MagicalRecord+Options.m */,
				C405ED0E1735E3FD0086368F /* MagicalRecord+Setup.h */,
				C405ED0F1735E3FD0086368F /* MagicalRecord+Setup.m */,
				C405ED101735E3FD0086368F /* MagicalRecord+ShorthandSupport.h */,
				C405ED111735E3FD0086368F /* MagicalRecord+ShorthandSupport.m */,
				C405ED121735E3FD0086368F /* MagicalRecord.h */,
				C405ED131735E3FD0086368F /* MagicalRecord.m */,
				C405ED141735E3FD0086368F /* MagicalRecordShorthand.h */,
			);
			path = Core;
			sourceTree = "<group>";
		};
		C405ED301735E41B0086368F /* Helper */ = {
			isa = PBXGroup;
			children = (
				C405ED411735E7B30086368F /* BFAddFilter.m */,
				C405ED421735E7B30086368F /* BFAddFilter.h */,
				C405ED431735E7B30086368F /* BFLocation.m */,
				C405ED441735E7B30086368F /* BFLocation.h */,
			);
			name = Helper;
			sourceTree = "<group>";
		};
		C405ED361735E4400086368F /* ViewControllers */ = {
			isa = PBXGroup;
			children = (
				C405ED311735E43C0086368F /* SignInViewController.h */,
				C405ED321735E43C0086368F /* SignInViewController.m */,
				C405ED331735E43C0086368F /* SignInViewController.xib */,
				C405ED841736CFC10086368F /* FeedViewController.h */,
				C405ED851736CFC20086368F /* FeedViewController.m */,
				C405ED861736CFC30086368F /* FeedViewController.xib */,
				C405ED891736D49B0086368F /* CameraViewController.h */,
				C405ED8A1736D49C0086368F /* CameraViewController.m */,
				C405ED8B1736D49D0086368F /* CameraViewController.xib */,
				C405ED3C1735E7220086368F /* MapViewController.h */,
				C405ED3D1735E7220086368F /* MapViewController.m */,
				C405ED3E1735E7220086368F /* MapViewController.xib */,
			);
			name = ViewControllers;
			sourceTree = "<group>";
		};
		C405ED371735E44A0086368F /* Initialization */ = {
			isa = PBXGroup;
			children = (
				C405ECC61735E38B0086368F /* AppDelegate.h */,
				C405ECC71735E38B0086368F /* AppDelegate.m */,
			);
			name = Initialization;
			sourceTree = "<group>";
		};
		C405ED4F1735E7D10086368F /* Libraries */ = {
			isa = PBXGroup;
			children = (
				C405ECDA1735E3FC0086368F /* MagicalRecord */,
			);
			name = Libraries;
			sourceTree = "<group>";
		};
		C405ED8E1736E4BD0086368F /* Model */ = {
			isa = PBXGroup;
			children = (
				C405ED8F1736E4F30086368F /* Model.xcdatamodeld */,
				C405ED921736E5DE0086368F /* Photo.h */,
				C405ED931736E5DE0086368F /* Photo.m */,
			);
			name = Model;
			sourceTree = "<group>";
		};
/* End PBXGroup section */

/* Begin PBXNativeTarget section */
		C405ECB31735E38B0086368F /* GeneralAssemblyPhotoApp */ = {
			isa = PBXNativeTarget;
			buildConfigurationList = C405ECD71735E38B0086368F /* Build configuration list for PBXNativeTarget "GeneralAssemblyPhotoApp" */;
			buildPhases = (
				C405ECB01735E38B0086368F /* Sources */,
				C405ECB11735E38B0086368F /* Frameworks */,
				C405ECB21735E38B0086368F /* Resources */,
			);
			buildRules = (
			);
			dependencies = (
			);
			name = GeneralAssemblyPhotoApp;
			productName = GeneralAssemblyPhotoApp;
			productReference = C405ECB41735E38B0086368F /* GeneralAssemblyPhotoApp.app */;
			productType = "com.apple.product-type.application";
		};
/* End PBXNativeTarget section */

/* Begin PBXProject section */
		C405ECAC1735E38B0086368F /* Project object */ = {
			isa = PBXProject;
			attributes = {
				LastUpgradeCheck = 0460;
				ORGANIZATIONNAME = EliotArntz;
			};
			buildConfigurationList = C405ECAF1735E38B0086368F /* Build configuration list for PBXProject "GeneralAssemblyPhotoApp" */;
			compatibilityVersion = "Xcode 3.2";
			developmentRegion = English;
			hasScannedForEncodings = 0;
			knownRegions = (
				en,
			);
			mainGroup = C405ECAB1735E38B0086368F;
			productRefGroup = C405ECB51735E38B0086368F /* Products */;
			projectDirPath = "";
			projectRoot = "";
			targets = (
				C405ECB31735E38B0086368F /* GeneralAssemblyPhotoApp */,
			);
		};
/* End PBXProject section */

/* Begin PBXResourcesBuildPhase section */
		C405ECB21735E38B0086368F /* Resources */ = {
			isa = PBXResourcesBuildPhase;
			buildActionMask = 2147483647;
			files = (
				C405ECC21735E38B0086368F /* InfoPlist.strings in Resources */,
				C405ECCA1735E38B0086368F /* Default.png in Resources */,
				C405ECCC1735E38B0086368F /* Default@2x.png in Resources */,
				C405ECCE1735E38B0086368F /* Default-568h@2x.png in Resources */,
				C405ED351735E43C0086368F /* SignInViewController.xib in Resources */,
				C405ED401735E7220086368F /* MapViewController.xib in Resources */,
				C405ED4B1735E7C90086368F /* location_Button@2x.png in Resources */,
				C405ED4C1735E7C90086368F /* location_Button.png in Resources */,
				C405ED4D1735E7C90086368F /* location_arrow@2x.png in Resources */,
				C405ED4E1735E7C90086368F /* location_arrow.png in Resources */,
				C405ED881736CFC40086368F /* FeedViewController.xib in Resources */,
				C405ED8D1736D49E0086368F /* CameraViewController.xib in Resources */,
			);
			runOnlyForDeploymentPostprocessing = 0;
		};
/* End PBXResourcesBuildPhase section */

/* Begin PBXSourcesBuildPhase section */
		C405ECB01735E38B0086368F /* Sources */ = {
			isa = PBXSourcesBuildPhase;
			buildActionMask = 2147483647;
			files = (
				C405ECC41735E38B0086368F /* main.m in Sources */,
				C405ECC81735E38B0086368F /* AppDelegate.m in Sources */,
				C405ED161735E3FD0086368F /* MagicalImportFunctions.m in Sources */,
				C405ED171735E3FD0086368F /* NSAttributeDescription+MagicalDataImport.m in Sources */,
				C405ED181735E3FD0086368F /* NSEntityDescription+MagicalDataImport.m in Sources */,
				C405ED191735E3FD0086368F /* NSNumber+MagicalDataImport.m in Sources */,
				C405ED1A1735E3FD0086368F /* NSObject+MagicalDataImport.m in Sources */,
				C405ED1B1735E3FD0086368F /* NSRelationshipDescription+MagicalDataImport.m in Sources */,
				C405ED1C1735E3FD0086368F /* NSString+MagicalDataImport.m in Sources */,
				C405ED1D1735E3FD0086368F /* NSManagedObject+MagicalAggregation.m in Sources */,
				C405ED1E1735E3FD0086368F /* NSManagedObject+MagicalDataImport.m in Sources */,
				C405ED1F1735E3FD0086368F /* NSManagedObject+MagicalFinders.m in Sources */,
				C405ED201735E3FD0086368F /* NSManagedObject+MagicalRecord.m in Sources */,
				C405ED211735E3FD0086368F /* NSManagedObject+MagicalRequests.m in Sources */,
				C405ED221735E3FD0086368F /* NSManagedObjectContext+MagicalObserving.m in Sources */,
				C405ED231735E3FD0086368F /* NSManagedObjectContext+MagicalRecord.m in Sources */,
				C405ED241735E3FD0086368F /* NSManagedObjectContext+MagicalSaves.m in Sources */,
				C405ED251735E3FD0086368F /* NSManagedObjectContext+MagicalThreading.m in Sources */,
				C405ED261735E3FD0086368F /* NSManagedObjectModel+MagicalRecord.m in Sources */,
				C405ED271735E3FD0086368F /* NSPersistentStore+MagicalRecord.m in Sources */,
				C405ED281735E3FD0086368F /* NSPersistentStoreCoordinator+MagicalRecord.m in Sources */,
				C405ED291735E3FD0086368F /* MagicalRecord+Actions.m in Sources */,
				C405ED2A1735E3FD0086368F /* MagicalRecord+ErrorHandling.m in Sources */,
				C405ED2B1735E3FD0086368F /* MagicalRecord+iCloud.m in Sources */,
				C405ED2C1735E3FD0086368F /* MagicalRecord+Options.m in Sources */,
				C405ED2D1735E3FD0086368F /* MagicalRecord+Setup.m in Sources */,
				C405ED2E1735E3FD0086368F /* MagicalRecord+ShorthandSupport.m in Sources */,
				C405ED2F1735E3FD0086368F /* MagicalRecord.m in Sources */,
				C405ED341735E43C0086368F /* SignInViewController.m in Sources */,
				C405ED3F1735E7220086368F /* MapViewController.m in Sources */,
				C405ED451735E7B30086368F /* BFAddFilter.m in Sources */,
				C405ED461735E7B30086368F /* BFLocation.m in Sources */,
				C405ED871736CFC40086368F /* FeedViewController.m in Sources */,
				C405ED8C1736D49E0086368F /* CameraViewController.m in Sources */,
				C405ED911736E4F30086368F /* Model.xcdatamodeld in Sources */,
				C405ED941736E5DE0086368F /* Photo.m in Sources */,
			);
			runOnlyForDeploymentPostprocessing = 0;
		};
/* End PBXSourcesBuildPhase section */

/* Begin PBXVariantGroup section */
		C405ECC01735E38B0086368F /* InfoPlist.strings */ = {
			isa = PBXVariantGroup;
			children = (
				C405ECC11735E38B0086368F /* en */,
			);
			name = InfoPlist.strings;
			sourceTree = "<group>";
		};
/* End PBXVariantGroup section */

/* Begin XCBuildConfiguration section */
		C405ECD51735E38B0086368F /* Debug */ = {
			isa = XCBuildConfiguration;
			buildSettings = {
				ALWAYS_SEARCH_USER_PATHS = NO;
				CLANG_CXX_LANGUAGE_STANDARD = "gnu++0x";
				CLANG_CXX_LIBRARY = "libc++";
				CLANG_ENABLE_OBJC_ARC = YES;
				CLANG_WARN_CONSTANT_CONVERSION = YES;
				CLANG_WARN_EMPTY_BODY = YES;
				CLANG_WARN_ENUM_CONVERSION = YES;
				CLANG_WARN_INT_CONVERSION = YES;
				CLANG_WARN__DUPLICATE_METHOD_MATCH = YES;
				"CODE_SIGN_IDENTITY[sdk=iphoneos*]" = "iPhone Developer";
				COPY_PHASE_STRIP = NO;
				GCC_C_LANGUAGE_STANDARD = gnu99;
				GCC_DYNAMIC_NO_PIC = NO;
				GCC_OPTIMIZATION_LEVEL = 0;
				GCC_PREPROCESSOR_DEFINITIONS = (
					"DEBUG=1",
					"$(inherited)",
				);
				GCC_SYMBOLS_PRIVATE_EXTERN = NO;
				GCC_WARN_ABOUT_RETURN_TYPE = YES;
				GCC_WARN_UNINITIALIZED_AUTOS = YES;
				GCC_WARN_UNUSED_VARIABLE = YES;
				IPHONEOS_DEPLOYMENT_TARGET = 6.1;
				ONLY_ACTIVE_ARCH = YES;
				SDKROOT = iphoneos;
			};
			name = Debug;
		};
		C405ECD61735E38B0086368F /* Release */ = {
			isa = XCBuildConfiguration;
			buildSettings = {
				ALWAYS_SEARCH_USER_PATHS = NO;
				CLANG_CXX_LANGUAGE_STANDARD = "gnu++0x";
				CLANG_CXX_LIBRARY = "libc++";
				CLANG_ENABLE_OBJC_ARC = YES;
				CLANG_WARN_CONSTANT_CONVERSION = YES;
				CLANG_WARN_EMPTY_BODY = YES;
				CLANG_WARN_ENUM_CONVERSION = YES;
				CLANG_WARN_INT_CONVERSION = YES;
				CLANG_WARN__DUPLICATE_METHOD_MATCH = YES;
				"CODE_SIGN_IDENTITY[sdk=iphoneos*]" = "iPhone Developer";
				COPY_PHASE_STRIP = YES;
				GCC_C_LANGUAGE_STANDARD = gnu99;
				GCC_WARN_ABOUT_RETURN_TYPE = YES;
				GCC_WARN_UNINITIALIZED_AUTOS = YES;
				GCC_WARN_UNUSED_VARIABLE = YES;
				IPHONEOS_DEPLOYMENT_TARGET = 6.1;
				OTHER_CFLAGS = "-DNS_BLOCK_ASSERTIONS=1";
				SDKROOT = iphoneos;
				VALIDATE_PRODUCT = YES;
			};
			name = Release;
		};
		C405ECD81735E38B0086368F /* Debug */ = {
			isa = XCBuildConfiguration;
			buildSettings = {
				GCC_PRECOMPILE_PREFIX_HEADER = YES;
				GCC_PREFIX_HEADER = "GeneralAssemblyPhotoApp/GeneralAssemblyPhotoApp-Prefix.pch";
				INFOPLIST_FILE = "GeneralAssemblyPhotoApp/GeneralAssemblyPhotoApp-Info.plist";
				PRODUCT_NAME = "$(TARGET_NAME)";
				WRAPPER_EXTENSION = app;
			};
			name = Debug;
		};
		C405ECD91735E38B0086368F /* Release */ = {
			isa = XCBuildConfiguration;
			buildSettings = {
				GCC_PRECOMPILE_PREFIX_HEADER = YES;
				GCC_PREFIX_HEADER = "GeneralAssemblyPhotoApp/GeneralAssemblyPhotoApp-Prefix.pch";
				INFOPLIST_FILE = "GeneralAssemblyPhotoApp/GeneralAssemblyPhotoApp-Info.plist";
				PRODUCT_NAME = "$(TARGET_NAME)";
				WRAPPER_EXTENSION = app;
			};
			name = Release;
		};
/* End XCBuildConfiguration section */

/* Begin XCConfigurationList section */
		C405ECAF1735E38B0086368F /* Build configuration list for PBXProject "GeneralAssemblyPhotoApp" */ = {
			isa = XCConfigurationList;
			buildConfigurations = (
				C405ECD51735E38B0086368F /* Debug */,
				C405ECD61735E38B0086368F /* Release */,
			);
			defaultConfigurationIsVisible = 0;
			defaultConfigurationName = Release;
		};
		C405ECD71735E38B0086368F /* Build configuration list for PBXNativeTarget "GeneralAssemblyPhotoApp" */ = {
			isa = XCConfigurationList;
			buildConfigurations = (
				C405ECD81735E38B0086368F /* Debug */,
				C405ECD91735E38B0086368F /* Release */,
			);
			defaultConfigurationIsVisible = 0;
		};
/* End XCConfigurationList section */

/* Begin XCVersionGroup section */
		C405ED8F1736E4F30086368F /* Model.xcdatamodeld */ = {
			isa = XCVersionGroup;
			children = (
				C405ED901736E4F30086368F /* Model.xcdatamodel */,
			);
			currentVersion = C405ED901736E4F30086368F /* Model.xcdatamodel */;
			path = Model.xcdatamodeld;
			sourceTree = "<group>";
			versionGroupType = wrapper.xcdatamodel;
		};
/* End XCVersionGroup section */
	};
	rootObject = C405ECAC1735E38B0086368F /* Project object */;
}
